
Microsoft Visual Studio Solution File, Format Version 12.00
# Visual Studio Version 17
VisualStudioVersion = 17.12.35209.166
MinimumVisualStudioVersion = 10.0.40219.1
Project("{FAE04EC0-301F-11D3-BF4B-00C04F79EFBC}") = "A2DPSink", "A2DPSink.csproj", "{77374F24-9E78-4FBC-A541-71AE770191FF}"
EndProject
Global
	GlobalSection(SolutionConfigurationPlatforms) = preSolution
		Debug|Any CPU = Debug|Any CPU
		Release|Any CPU = Release|Any CPU
	EndGlobalSection
	GlobalSection(ProjectConfigurationPlatforms) = postSolution
		{77374F24-9E78-4FBC-A541-71AE770191FF}.Debug|Any CPU.ActiveCfg = Debug|Any CPU
		{77374F24-9E78-4FBC-A541-71AE770191FF}.Debug|Any CPU.Build.0 = Debug|Any CPU
		{77374F24-9E78-4FBC-A541-71AE770191FF}.Release|Any CPU.ActiveCfg = Release|Any CPU
		{77374F24-9E78-4FBC-A541-71AE770191FF}.Release|Any CPU.Build.0 = Release|Any CPU
	EndGlobalSection
	GlobalSection(SolutionProperties) = preSolution
		HideSolutionNode = FALSE
	EndGlobalSection
	GlobalSection(ExtensibilityGlobals) = postSolution
		SolutionGuid = {A026E4BC-137F-4E97-A117-9F52CF973CA9}
	EndGlobalSection
EndGlobal
